// !$*UTF8*$!
{
	archiveVersion = 1;
	classes = {
	};
	objectVersion = 46;
	objects = {

/* Begin PBXBuildFile section */
		048349E51565494700647D64 /* UIKit.framework in Frameworks */ = {isa = PBXBuildFile; fileRef = 048349E41565494700647D64 /* UIKit.framework */; };
		048349E71565494700647D64 /* Foundation.framework in Frameworks */ = {isa = PBXBuildFile; fileRef = 048349E61565494700647D64 /* Foundation.framework */; };
		048349E91565494700647D64 /* CoreGraphics.framework in Frameworks */ = {isa = PBXBuildFile; fileRef = 048349E81565494700647D64 /* CoreGraphics.framework */; };
		048349EF1565494700647D64 /* InfoPlist.strings in Resources */ = {isa = PBXBuildFile; fileRef = 048349ED1565494700647D64 /* InfoPlist.strings */; };
		048349F11565494700647D64 /* main.m in Sources */ = {isa = PBXBuildFile; fileRef = 048349F01565494700647D64 /* main.m */; };
		048349F51565494700647D64 /* AppDelegate.m in Sources */ = {isa = PBXBuildFile; fileRef = 048349F41565494700647D64 /* AppDelegate.m */; };
		048349F71565494700647D64 /* BundleTest.entitlements in Resources */ = {isa = PBXBuildFile; fileRef = 048349F61565494700647D64 /* BundleTest.entitlements */; };
		048349FA1565494700647D64 /* ViewController.m in Sources */ = {isa = PBXBuildFile; fileRef = 048349F91565494700647D64 /* ViewController.m */; };
		048349FD1565494700647D64 /* ViewController.xib in Resources */ = {isa = PBXBuildFile; fileRef = 048349FB1565494700647D64 /* ViewController.xib */; };
		04834A17156560F100647D64 /* libz.1.2.5.dylib in Frameworks */ = {isa = PBXBuildFile; fileRef = 04834A16156560F100647D64 /* libz.1.2.5.dylib */; };
		04834A1A1565663900647D64 /* BundleCocoaWrapper.m in Sources */ = {isa = PBXBuildFile; fileRef = 04834A061565606400647D64 /* BundleCocoaWrapper.m */; };
		04AB50801565DBB400552954 /* BundleCheckFileType.c in Sources */ = {isa = PBXBuildFile; fileRef = 04834A041565606400647D64 /* BundleCheckFileType.c */; };
		04AB50811565DBB400552954 /* BundleHandler.c in Sources */ = {isa = PBXBuildFile; fileRef = 04834A071565606400647D64 /* BundleHandler.c */; };
		04AB50821565DBB400552954 /* BundleMemoryMapping.c in Sources */ = {isa = PBXBuildFile; fileRef = 04834A091565606400647D64 /* BundleMemoryMapping.c */; };
		04AB50831565DBB400552954 /* hash.c in Sources */ = {isa = PBXBuildFile; fileRef = 04834A0B1565606400647D64 /* hash.c */; };
		04AB50841565DBB400552954 /* header.c in Sources */ = {isa = PBXBuildFile; fileRef = 04834A0F1565606400647D64 /* header.c */; };
		04AB50851565DBB400552954 /* integration.c in Sources */ = {isa = PBXBuildFile; fileRef = 04834A111565606400647D64 /* integration.c */; };
/* End PBXBuildFile section */

/* Begin PBXFileReference section */
		046DCD09156595A500C30803 /* BundleCocoaWrapper.h */ = {isa = PBXFileReference; lastKnownFileType = sourcecode.c.h; path = BundleCocoaWrapper.h; sourceTree = "<group>"; };
		048349E01565494600647D64 /* BundleTest.app */ = {isa = PBXFileReference; explicitFileType = wrapper.application; includeInIndex = 0; path = BundleTest.app; sourceTree = BUILT_PRODUCTS_DIR; };
		048349E41565494700647D64 /* UIKit.framework */ = {isa = PBXFileReference; lastKnownFileType = wrapper.framework; name = UIKit.framework; path = System/Library/Frameworks/UIKit.framework; sourceTree = SDKROOT; };
		048349E61565494700647D64 /* Foundation.framework */ = {isa = PBXFileReference; lastKnownFileType = wrapper.framework; name = Foundation.framework; path = System/Library/Frameworks/Foundation.framework; sourceTree = SDKROOT; };
		048349E81565494700647D64 /* CoreGraphics.framework */ = {isa = PBXFileReference; lastKnownFileType = wrapper.framework; name = CoreGraphics.framework; path = System/Library/Frameworks/CoreGraphics.framework; sourceTree = SDKROOT; };
		048349EC1565494700647D64 /* BundleTest-Info.plist */ = {isa = PBXFileReference; lastKnownFileType = text.plist.xml; path = "BundleTest-Info.plist"; sourceTree = "<group>"; };
		048349EE1565494700647D64 /* en */ = {isa = PBXFileReference; lastKnownFileType = text.plist.strings; name = en; path = en.lproj/InfoPlist.strings; sourceTree = "<group>"; };
		048349F01565494700647D64 /* main.m */ = {isa = PBXFileReference; lastKnownFileType = sourcecode.c.objc; path = main.m; sourceTree = "<group>"; };
		048349F21565494700647D64 /* BundleTest-Prefix.pch */ = {isa = PBXFileReference; lastKnownFileType = sourcecode.c.h; path = "BundleTest-Prefix.pch"; sourceTree = "<group>"; };
		048349F31565494700647D64 /* AppDelegate.h */ = {isa = PBXFileReference; lastKnownFileType = sourcecode.c.h; path = AppDelegate.h; sourceTree = "<group>"; };
		048349F41565494700647D64 /* AppDelegate.m */ = {isa = PBXFileReference; lastKnownFileType = sourcecode.c.objc; path = AppDelegate.m; sourceTree = "<group>"; };
		048349F61565494700647D64 /* BundleTest.entitlements */ = {isa = PBXFileReference; lastKnownFileType = text.xml; path = BundleTest.entitlements; sourceTree = "<group>"; };
		048349F81565494700647D64 /* ViewController.h */ = {isa = PBXFileReference; lastKnownFileType = sourcecode.c.h; path = ViewController.h; sourceTree = "<group>"; };
		048349F91565494700647D64 /* ViewController.m */ = {isa = PBXFileReference; lastKnownFileType = sourcecode.c.objc; path = ViewController.m; sourceTree = "<group>"; };
		048349FC1565494700647D64 /* en */ = {isa = PBXFileReference; lastKnownFileType = file.xib; name = en; path = en.lproj/ViewController.xib; sourceTree = "<group>"; };
		04834A041565606400647D64 /* BundleCheckFileType.c */ = {isa = PBXFileReference; lastKnownFileType = sourcecode.c.c; path = BundleCheckFileType.c; sourceTree = "<group>"; };
		04834A051565606400647D64 /* BundleCheckFileType.h */ = {isa = PBXFileReference; lastKnownFileType = sourcecode.c.h; path = BundleCheckFileType.h; sourceTree = "<group>"; };
		04834A061565606400647D64 /* BundleCocoaWrapper.m */ = {isa = PBXFileReference; lastKnownFileType = sourcecode.c.objc; path = BundleCocoaWrapper.m; sourceTree = "<group>"; };
		04834A071565606400647D64 /* BundleHandler.c */ = {isa = PBXFileReference; lastKnownFileType = sourcecode.c.c; path = BundleHandler.c; sourceTree = "<group>"; };
		04834A081565606400647D64 /* BundleHandler.h */ = {isa = PBXFileReference; lastKnownFileType = sourcecode.c.h; path = BundleHandler.h; sourceTree = "<group>"; };
		04834A091565606400647D64 /* BundleMemoryMapping.c */ = {isa = PBXFileReference; lastKnownFileType = sourcecode.c.c; path = BundleMemoryMapping.c; sourceTree = "<group>"; };
		04834A0A1565606400647D64 /* BundleMemoryMapping.h */ = {isa = PBXFileReference; lastKnownFileType = sourcecode.c.h; path = BundleMemoryMapping.h; sourceTree = "<group>"; };
		04834A0B1565606400647D64 /* hash.c */ = {isa = PBXFileReference; lastKnownFileType = sourcecode.c.c; path = hash.c; sourceTree = "<group>"; };
		04834A0C1565606400647D64 /* hash.h */ = {isa = PBXFileReference; lastKnownFileType = sourcecode.c.h; path = hash.h; sourceTree = "<group>"; };
		04834A0F1565606400647D64 /* header.c */ = {isa = PBXFileReference; lastKnownFileType = sourcecode.c.c; path = header.c; sourceTree = "<group>"; };
		04834A101565606400647D64 /* header.h */ = {isa = PBXFileReference; lastKnownFileType = sourcecode.c.h; path = header.h; sourceTree = "<group>"; };
		04834A111565606400647D64 /* integration.c */ = {isa = PBXFileReference; lastKnownFileType = sourcecode.c.c; path = integration.c; sourceTree = "<group>"; };
		04834A121565606400647D64 /* khash.h */ = {isa = PBXFileReference; lastKnownFileType = sourcecode.c.h; path = khash.h; sourceTree = "<group>"; };
		04834A151565606400647D64 /* types.h */ = {isa = PBXFileReference; lastKnownFileType = sourcecode.c.h; path = types.h; sourceTree = "<group>"; };
		04834A16156560F100647D64 /* libz.1.2.5.dylib */ = {isa = PBXFileReference; lastKnownFileType = "compiled.mach-o.dylib"; name = libz.1.2.5.dylib; path = usr/lib/libz.1.2.5.dylib; sourceTree = SDKROOT; };
		04AB50861565DD9300552954 /* integration.h */ = {isa = PBXFileReference; lastKnownFileType = sourcecode.c.h; path = integration.h; sourceTree = "<group>"; };
/* End PBXFileReference section */

/* Begin PBXFrameworksBuildPhase section */
		048349DD1565494600647D64 /* Frameworks */ = {
			isa = PBXFrameworksBuildPhase;
			buildActionMask = 2147483647;
			files = (
				04834A17156560F100647D64 /* libz.1.2.5.dylib in Frameworks */,
				048349E51565494700647D64 /* UIKit.framework in Frameworks */,
				048349E71565494700647D64 /* Foundation.framework in Frameworks */,
				048349E91565494700647D64 /* CoreGraphics.framework in Frameworks */,
			);
			runOnlyForDeploymentPostprocessing = 0;
		};
/* End PBXFrameworksBuildPhase section */

/* Begin PBXGroup section */
		048349D51565494600647D64 = {
			isa = PBXGroup;
			children = (
				04834A16156560F100647D64 /* libz.1.2.5.dylib */,
				048349EA1565494700647D64 /* BundleTest */,
				048349E31565494600647D64 /* Frameworks */,
				048349E11565494600647D64 /* Products */,
			);
			sourceTree = "<group>";
		};
		048349E11565494600647D64 /* Products */ = {
			isa = PBXGroup;
			children = (
				048349E01565494600647D64 /* BundleTest.app */,
			);
			name = Products;
			sourceTree = "<group>";
		};
		048349E31565494600647D64 /* Frameworks */ = {
			isa = PBXGroup;
			children = (
				048349E41565494700647D64 /* UIKit.framework */,
				048349E61565494700647D64 /* Foundation.framework */,
				048349E81565494700647D64 /* CoreGraphics.framework */,
			);
			name = Frameworks;
			sourceTree = "<group>";
		};
		048349EA1565494700647D64 /* BundleTest */ = {
			isa = PBXGroup;
			children = (
				04834A031565495400647D64 /* Bundle */,
				048349F31565494700647D64 /* AppDelegate.h */,
				048349F41565494700647D64 /* AppDelegate.m */,
				048349F81565494700647D64 /* ViewController.h */,
				048349F91565494700647D64 /* ViewController.m */,
				048349FB1565494700647D64 /* ViewController.xib */,
				048349EB1565494700647D64 /* Supporting Files */,
			);
			path = BundleTest;
			sourceTree = "<group>";
		};
		048349EB1565494700647D64 /* Supporting Files */ = {
			isa = PBXGroup;
			children = (
				048349EC1565494700647D64 /* BundleTest-Info.plist */,
				048349ED1565494700647D64 /* InfoPlist.strings */,
				048349F01565494700647D64 /* main.m */,
				048349F21565494700647D64 /* BundleTest-Prefix.pch */,
				048349F61565494700647D64 /* BundleTest.entitlements */,
			);
			name = "Supporting Files";
			sourceTree = "<group>";
		};
		04834A031565495400647D64 /* Bundle */ = {
			isa = PBXGroup;
			children = (
				04834A041565606400647D64 /* BundleCheckFileType.c */,
				04834A051565606400647D64 /* BundleCheckFileType.h */,
				046DCD09156595A500C30803 /* BundleCocoaWrapper.h */,
				04834A061565606400647D64 /* BundleCocoaWrapper.m */,
				04834A071565606400647D64 /* BundleHandler.c */,
				04834A081565606400647D64 /* BundleHandler.h */,
				04834A091565606400647D64 /* BundleMemoryMapping.c */,
				04834A0A1565606400647D64 /* BundleMemoryMapping.h */,
				04834A0B1565606400647D64 /* hash.c */,
				04834A0C1565606400647D64 /* hash.h */,
				04834A0F1565606400647D64 /* header.c */,
				04834A101565606400647D64 /* header.h */,
				04AB50861565DD9300552954 /* integration.h */,
				04834A111565606400647D64 /* integration.c */,
				04834A121565606400647D64 /* khash.h */,
				04834A151565606400647D64 /* types.h */,
			);
			name = Bundle;
			sourceTree = "<group>";
		};
/* End PBXGroup section */

/* Begin PBXNativeTarget section */
		048349DF1565494600647D64 /* BundleTest */ = {
			isa = PBXNativeTarget;
			buildConfigurationList = 04834A001565494700647D64 /* Build configuration list for PBXNativeTarget "BundleTest" */;
			buildPhases = (
				048349DC1565494600647D64 /* Sources */,
				048349DD1565494600647D64 /* Frameworks */,
				048349DE1565494600647D64 /* Resources */,
			);
			buildRules = (
			);
			dependencies = (
			);
			name = BundleTest;
			productName = BundleTest;
			productReference = 048349E01565494600647D64 /* BundleTest.app */;
			productType = "com.apple.product-type.application";
		};
/* End PBXNativeTarget section */

/* Begin PBXProject section */
		048349D71565494600647D64 /* Project object */ = {
			isa = PBXProject;
			attributes = {
				LastUpgradeCheck = 0440;
				ORGANIZATIONNAME = "Jarryd Hall";
			};
			buildConfigurationList = 048349DA1565494600647D64 /* Build configuration list for PBXProject "BundleTest" */;
			compatibilityVersion = "Xcode 3.2";
			developmentRegion = English;
			hasScannedForEncodings = 0;
			knownRegions = (
				en,
			);
			mainGroup = 048349D51565494600647D64;
			productRefGroup = 048349E11565494600647D64 /* Products */;
			projectDirPath = "";
			projectRoot = "";
			targets = (
				048349DF1565494600647D64 /* BundleTest */,
			);
		};
/* End PBXProject section */

/* Begin PBXResourcesBuildPhase section */
		048349DE1565494600647D64 /* Resources */ = {
			isa = PBXResourcesBuildPhase;
			buildActionMask = 2147483647;
			files = (
				048349EF1565494700647D64 /* InfoPlist.strings in Resources */,
				048349F71565494700647D64 /* BundleTest.entitlements in Resources */,
				048349FD1565494700647D64 /* ViewController.xib in Resources */,
			);
			runOnlyForDeploymentPostprocessing = 0;
		};
/* End PBXResourcesBuildPhase section */

/* Begin PBXSourcesBuildPhase section */
		048349DC1565494600647D64 /* Sources */ = {
			isa = PBXSourcesBuildPhase;
			buildActionMask = 2147483647;
			files = (
				04AB50801565DBB400552954 /* BundleCheckFileType.c in Sources */,
				04AB50811565DBB400552954 /* BundleHandler.c in Sources */,
				04AB50821565DBB400552954 /* BundleMemoryMapping.c in Sources */,
				04AB50831565DBB400552954 /* hash.c in Sources */,
				04AB50841565DBB400552954 /* header.c in Sources */,
				04AB50851565DBB400552954 /* integration.c in Sources */,
				04834A1A1565663900647D64 /* BundleCocoaWrapper.m in Sources */,
				048349F11565494700647D64 /* main.m in Sources */,
				048349F51565494700647D64 /* AppDelegate.m in Sources */,
				048349FA1565494700647D64 /* ViewController.m in Sources */,
			);
			runOnlyForDeploymentPostprocessing = 0;
		};
/* End PBXSourcesBuildPhase section */

/* Begin PBXVariantGroup section */
		048349ED1565494700647D64 /* InfoPlist.strings */ = {
			isa = PBXVariantGroup;
			children = (
				048349EE1565494700647D64 /* en */,
			);
			name = InfoPlist.strings;
			sourceTree = "<group>";
		};
		048349FB1565494700647D64 /* ViewController.xib */ = {
			isa = PBXVariantGroup;
			children = (
				048349FC1565494700647D64 /* en */,
			);
			name = ViewController.xib;
			sourceTree = "<group>";
		};
/* End PBXVariantGroup section */

/* Begin XCBuildConfiguration section */
		048349FE1565494700647D64 /* Debug */ = {
			isa = XCBuildConfiguration;
			buildSettings = {
				ALWAYS_SEARCH_USER_PATHS = NO;
				ARCHS = "$(ARCHS_STANDARD_32_BIT)";
				CLANG_WARN__DUPLICATE_METHOD_MATCH = YES;
				"CODE_SIGN_IDENTITY[sdk=iphoneos*]" = "iPhone Developer";
				COPY_PHASE_STRIP = NO;
				GCC_C_LANGUAGE_STANDARD = gnu99;
				GCC_DYNAMIC_NO_PIC = NO;
				GCC_OPTIMIZATION_LEVEL = 0;
				GCC_PREPROCESSOR_DEFINITIONS = (
					"DEBUG=1",
					"$(inherited)",
				);
				GCC_SYMBOLS_PRIVATE_EXTERN = NO;
				GCC_VERSION = com.apple.compilers.llvm.clang.1_0;
				GCC_WARN_ABOUT_RETURN_TYPE = YES;
				GCC_WARN_UNINITIALIZED_AUTOS = YES;
				GCC_WARN_UNUSED_VARIABLE = YES;
				IPHONEOS_DEPLOYMENT_TARGET = 5.1;
				SDKROOT = iphoneos;
			};
			name = Debug;
		};
		048349FF1565494700647D64 /* Release */ = {
			isa = XCBuildConfiguration;
			buildSettings = {
				ALWAYS_SEARCH_USER_PATHS = NO;
				ARCHS = "$(ARCHS_STANDARD_32_BIT)";
				CLANG_WARN__DUPLICATE_METHOD_MATCH = YES;
				"CODE_SIGN_IDENTITY[sdk=iphoneos*]" = "iPhone Developer";
				COPY_PHASE_STRIP = YES;
				GCC_C_LANGUAGE_STANDARD = gnu99;
				GCC_VERSION = com.apple.compilers.llvm.clang.1_0;
				GCC_WARN_ABOUT_RETURN_TYPE = YES;
				GCC_WARN_UNINITIALIZED_AUTOS = YES;
				GCC_WARN_UNUSED_VARIABLE = YES;
				IPHONEOS_DEPLOYMENT_TARGET = 5.1;
				OTHER_CFLAGS = "-DNS_BLOCK_ASSERTIONS=1";
				SDKROOT = iphoneos;
				VALIDATE_PRODUCT = YES;
			};
			name = Release;
		};
		04834A011565494700647D64 /* Debug */ = {
			isa = XCBuildConfiguration;
			buildSettings = {
				CODE_SIGN_ENTITLEMENTS = BundleTest/BundleTest.entitlements;
				CODE_SIGN_IDENTITY = "";
				"CODE_SIGN_IDENTITY[sdk=iphoneos*]" = "";
				GCC_PRECOMPILE_PREFIX_HEADER = YES;
				GCC_PREFIX_HEADER = "BundleTest/BundleTest-Prefix.pch";
				INFOPLIST_FILE = "BundleTest/BundleTest-Info.plist";
				PRODUCT_NAME = "$(TARGET_NAME)";
				WRAPPER_EXTENSION = app;
			};
			name = Debug;
		};
		04834A021565494700647D64 /* Release */ = {
			isa = XCBuildConfiguration;
			buildSettings = {
				CODE_SIGN_ENTITLEMENTS = BundleTest/BundleTest.entitlements;
				CODE_SIGN_IDENTITY = "";
				"CODE_SIGN_IDENTITY[sdk=iphoneos*]" = "";
				GCC_PRECOMPILE_PREFIX_HEADER = YES;
				GCC_PREFIX_HEADER = "BundleTest/BundleTest-Prefix.pch";
				INFOPLIST_FILE = "BundleTest/BundleTest-Info.plist";
				PRODUCT_NAME = "$(TARGET_NAME)";
				WRAPPER_EXTENSION = app;
			};
			name = Release;
		};
/* End XCBuildConfiguration section */

/* Begin XCConfigurationList section */
		048349DA1565494600647D64 /* Build configuration list for PBXProject "BundleTest" */ = {
			isa = XCConfigurationList;
			buildConfigurations = (
				048349FE1565494700647D64 /* Debug */,
				048349FF1565494700647D64 /* Release */,
			);
			defaultConfigurationIsVisible = 0;
			defaultConfigurationName = Release;
		};
		04834A001565494700647D64 /* Build configuration list for PBXNativeTarget "BundleTest" */ = {
			isa = XCConfigurationList;
			buildConfigurations = (
				04834A011565494700647D64 /* Debug */,
				04834A021565494700647D64 /* Release */,
			);
			defaultConfigurationIsVisible = 0;
			defaultConfigurationName = Release;
		};
/* End XCConfigurationList section */
	};
	rootObject = 048349D71565494600647D64 /* Project object */;
}
